
Microsoft Visual Studio Solution File, Format Version 12.00
# Visual Studio Version 17
VisualStudioVersion = 17.0.32112.339
MinimumVisualStudioVersion = 10.0.40219.1
Project("{9A19103F-16F7-4668-BE54-9A1E7A4F7556}") = "McProtoNet.NBT", "McProtoNet.NBT\McProtoNet.NBT.csproj", "{A204135D-794B-4391-A947-255A1798544E}"
EndProject
Project("{9A19103F-16F7-4668-BE54-9A1E7A4F7556}") = "McProtoNet.Geometry", "McProtoNet.Geometry\McProtoNet.Geometry.csproj", "{31BE1A0D-66D9-4983-A0B7-5EE360FD4ABA}"
EndProject
Project("{9A19103F-16F7-4668-BE54-9A1E7A4F7556}") = "McProtoNet.Tests", "McProtoNet.Tests\McProtoNet.Tests.csproj", "{1B514406-98B8-4450-AEF1-FBCDDC1D88B6}"
EndProject
Project("{9A19103F-16F7-4668-BE54-9A1E7A4F7556}") = "McProtoNet.Utils", "McProtoNet.Utils\McProtoNet.Utils.csproj", "{F24E5B1F-848F-4779-A747-B85DA7CCB970}"
EndProject
Project("{9A19103F-16F7-4668-BE54-9A1E7A4F7556}") = "Examples", "Examples\Examples.csproj", "{EAC7753D-2980-4BDC-9CEB-383DA918C0DA}"
EndProject
Project("{9A19103F-16F7-4668-BE54-9A1E7A4F7556}") = "McProtoNet.Protocol340", "McProtoNet.Protocol340\McProtoNet.Protocol340.csproj", "{54547502-479E-40BE-B495-7DE60A6B9A3A}"
EndProject
Project("{9A19103F-16F7-4668-BE54-9A1E7A4F7556}") = "McProtoNet.Protocol754", "McProtoNet.Protocol754\McProtoNet.Protocol754.csproj", "{D80AC862-BAD8-4503-9EB7-98E958EA1E76}"
EndProject
Project("{9A19103F-16F7-4668-BE54-9A1E7A4F7556}") = "McProtoNet.Core", "McProtoNet.Core\McProtoNet.Core.csproj", "{E0C82A2A-F449-4543-B892-7ADDC76FB782}"
EndProject
Project("{9A19103F-16F7-4668-BE54-9A1E7A4F7556}") = "ConsoleApp1", "ConsoleApp1\ConsoleApp1.csproj", "{F0F61389-B74A-4F72-A4BB-8AB2D4917E88}"
EndProject
Project("{FAE04EC0-301F-11D3-BF4B-00C04F79EFBC}") = "McProtoNet", "McProtoNet\McProtoNet.csproj", "{1CFF9A67-41CE-4A22-A8C9-C703E6DFABA7}"
EndProject
Global
	GlobalSection(SolutionConfigurationPlatforms) = preSolution
		Debug|Any CPU = Debug|Any CPU
		Debug|ARM = Debug|ARM
		Debug|ARM64 = Debug|ARM64
		Debug|x64 = Debug|x64
		Debug|x86 = Debug|x86
		Release|Any CPU = Release|Any CPU
		Release|ARM = Release|ARM
		Release|ARM64 = Release|ARM64
		Release|x64 = Release|x64
		Release|x86 = Release|x86
	EndGlobalSection
	GlobalSection(ProjectConfigurationPlatforms) = postSolution
		{A204135D-794B-4391-A947-255A1798544E}.Debug|Any CPU.ActiveCfg = Debug|Any CPU
		{A204135D-794B-4391-A947-255A1798544E}.Debug|Any CPU.Build.0 = Debug|Any CPU
		{A204135D-794B-4391-A947-255A1798544E}.Debug|ARM.ActiveCfg = Debug|Any CPU
		{A204135D-794B-4391-A947-255A1798544E}.Debug|ARM.Build.0 = Debug|Any CPU
		{A204135D-794B-4391-A947-255A1798544E}.Debug|ARM64.ActiveCfg = Debug|Any CPU
		{A204135D-794B-4391-A947-255A1798544E}.Debug|ARM64.Build.0 = Debug|Any CPU
		{A204135D-794B-4391-A947-255A1798544E}.Debug|x64.ActiveCfg = Debug|Any CPU
		{A204135D-794B-4391-A947-255A1798544E}.Debug|x64.Build.0 = Debug|Any CPU
		{A204135D-794B-4391-A947-255A1798544E}.Debug|x86.ActiveCfg = Debug|Any CPU
		{A204135D-794B-4391-A947-255A1798544E}.Debug|x86.Build.0 = Debug|Any CPU
		{A204135D-794B-4391-A947-255A1798544E}.Release|Any CPU.ActiveCfg = Release|Any CPU
		{A204135D-794B-4391-A947-255A1798544E}.Release|Any CPU.Build.0 = Release|Any CPU
		{A204135D-794B-4391-A947-255A1798544E}.Release|ARM.ActiveCfg = Release|Any CPU
		{A204135D-794B-4391-A947-255A1798544E}.Release|ARM.Build.0 = Release|Any CPU
		{A204135D-794B-4391-A947-255A1798544E}.Release|ARM64.ActiveCfg = Release|Any CPU
		{A204135D-794B-4391-A947-255A1798544E}.Release|ARM64.Build.0 = Release|Any CPU
		{A204135D-794B-4391-A947-255A1798544E}.Release|x64.ActiveCfg = Release|Any CPU
		{A204135D-794B-4391-A947-255A1798544E}.Release|x64.Build.0 = Release|Any CPU
		{A204135D-794B-4391-A947-255A1798544E}.Release|x86.ActiveCfg = Release|Any CPU
		{A204135D-794B-4391-A947-255A1798544E}.Release|x86.Build.0 = Release|Any CPU
		{31BE1A0D-66D9-4983-A0B7-5EE360FD4ABA}.Debug|Any CPU.ActiveCfg = Debug|Any CPU
		{31BE1A0D-66D9-4983-A0B7-5EE360FD4ABA}.Debug|Any CPU.Build.0 = Debug|Any CPU
		{31BE1A0D-66D9-4983-A0B7-5EE360FD4ABA}.Debug|ARM.ActiveCfg = Debug|Any CPU
		{31BE1A0D-66D9-4983-A0B7-5EE360FD4ABA}.Debug|ARM.Build.0 = Debug|Any CPU
		{31BE1A0D-66D9-4983-A0B7-5EE360FD4ABA}.Debug|ARM64.ActiveCfg = Debug|Any CPU
		{31BE1A0D-66D9-4983-A0B7-5EE360FD4ABA}.Debug|ARM64.Build.0 = Debug|Any CPU
		{31BE1A0D-66D9-4983-A0B7-5EE360FD4ABA}.Debug|x64.ActiveCfg = Debug|Any CPU
		{31BE1A0D-66D9-4983-A0B7-5EE360FD4ABA}.Debug|x64.Build.0 = Debug|Any CPU
		{31BE1A0D-66D9-4983-A0B7-5EE360FD4ABA}.Debug|x86.ActiveCfg = Debug|Any CPU
		{31BE1A0D-66D9-4983-A0B7-5EE360FD4ABA}.Debug|x86.Build.0 = Debug|Any CPU
		{31BE1A0D-66D9-4983-A0B7-5EE360FD4ABA}.Release|Any CPU.ActiveCfg = Release|Any CPU
		{31BE1A0D-66D9-4983-A0B7-5EE360FD4ABA}.Release|Any CPU.Build.0 = Release|Any CPU
		{31BE1A0D-66D9-4983-A0B7-5EE360FD4ABA}.Release|ARM.ActiveCfg = Release|Any CPU
		{31BE1A0D-66D9-4983-A0B7-5EE360FD4ABA}.Release|ARM.Build.0 = Release|Any CPU
		{31BE1A0D-66D9-4983-A0B7-5EE360FD4ABA}.Release|ARM64.ActiveCfg = Release|Any CPU
		{31BE1A0D-66D9-4983-A0B7-5EE360FD4ABA}.Release|ARM64.Build.0 = Release|Any CPU
		{31BE1A0D-66D9-4983-A0B7-5EE360FD4ABA}.Release|x64.ActiveCfg = Release|Any CPU
		{31BE1A0D-66D9-4983-A0B7-5EE360FD4ABA}.Release|x64.Build.0 = Release|Any CPU
		{31BE1A0D-66D9-4983-A0B7-5EE360FD4ABA}.Release|x86.ActiveCfg = Release|Any CPU
		{31BE1A0D-66D9-4983-A0B7-5EE360FD4ABA}.Release|x86.Build.0 = Release|Any CPU
		{1B514406-98B8-4450-AEF1-FBCDDC1D88B6}.Debug|Any CPU.ActiveCfg = Debug|Any CPU
		{1B514406-98B8-4450-AEF1-FBCDDC1D88B6}.Debug|Any CPU.Build.0 = Debug|Any CPU
		{1B514406-98B8-4450-AEF1-FBCDDC1D88B6}.Debug|ARM.ActiveCfg = Debug|Any CPU
		{1B514406-98B8-4450-AEF1-FBCDDC1D88B6}.Debug|ARM.Build.0 = Debug|Any CPU
		{1B514406-98B8-4450-AEF1-FBCDDC1D88B6}.Debug|ARM64.ActiveCfg = Debug|Any CPU
		{1B514406-98B8-4450-AEF1-FBCDDC1D88B6}.Debug|ARM64.Build.0 = Debug|Any CPU
		{1B514406-98B8-4450-AEF1-FBCDDC1D88B6}.Debug|x64.ActiveCfg = Debug|Any CPU
		{1B514406-98B8-4450-AEF1-FBCDDC1D88B6}.Debug|x64.Build.0 = Debug|Any CPU
		{1B514406-98B8-4450-AEF1-FBCDDC1D88B6}.Debug|x86.ActiveCfg = Debug|Any CPU
		{1B514406-98B8-4450-AEF1-FBCDDC1D88B6}.Debug|x86.Build.0 = Debug|Any CPU
		{1B514406-98B8-4450-AEF1-FBCDDC1D88B6}.Release|Any CPU.ActiveCfg = Release|Any CPU
		{1B514406-98B8-4450-AEF1-FBCDDC1D88B6}.Release|Any CPU.Build.0 = Release|Any CPU
		{1B514406-98B8-4450-AEF1-FBCDDC1D88B6}.Release|ARM.ActiveCfg = Release|Any CPU
		{1B514406-98B8-4450-AEF1-FBCDDC1D88B6}.Release|ARM.Build.0 = Release|Any CPU
		{1B514406-98B8-4450-AEF1-FBCDDC1D88B6}.Release|ARM64.ActiveCfg = Release|Any CPU
		{1B514406-98B8-4450-AEF1-FBCDDC1D88B6}.Release|ARM64.Build.0 = Release|Any CPU
		{1B514406-98B8-4450-AEF1-FBCDDC1D88B6}.Release|x64.ActiveCfg = Release|Any CPU
		{1B514406-98B8-4450-AEF1-FBCDDC1D88B6}.Release|x64.Build.0 = Release|Any CPU
		{1B514406-98B8-4450-AEF1-FBCDDC1D88B6}.Release|x86.ActiveCfg = Release|Any CPU
		{1B514406-98B8-4450-AEF1-FBCDDC1D88B6}.Release|x86.Build.0 = Release|Any CPU
		{F24E5B1F-848F-4779-A747-B85DA7CCB970}.Debug|Any CPU.ActiveCfg = Debug|Any CPU
		{F24E5B1F-848F-4779-A747-B85DA7CCB970}.Debug|Any CPU.Build.0 = Debug|Any CPU
		{F24E5B1F-848F-4779-A747-B85DA7CCB970}.Debug|ARM.ActiveCfg = Debug|Any CPU
		{F24E5B1F-848F-4779-A747-B85DA7CCB970}.Debug|ARM.Build.0 = Debug|Any CPU
		{F24E5B1F-848F-4779-A747-B85DA7CCB970}.Debug|ARM64.ActiveCfg = Debug|Any CPU
		{F24E5B1F-848F-4779-A747-B85DA7CCB970}.Debug|ARM64.Build.0 = Debug|Any CPU
		{F24E5B1F-848F-4779-A747-B85DA7CCB970}.Debug|x64.ActiveCfg = Debug|Any CPU
		{F24E5B1F-848F-4779-A747-B85DA7CCB970}.Debug|x64.Build.0 = Debug|Any CPU
		{F24E5B1F-848F-4779-A747-B85DA7CCB970}.Debug|x86.ActiveCfg = Debug|Any CPU
		{F24E5B1F-848F-4779-A747-B85DA7CCB970}.Debug|x86.Build.0 = Debug|Any CPU
		{F24E5B1F-848F-4779-A747-B85DA7CCB970}.Release|Any CPU.ActiveCfg = Release|Any CPU
		{F24E5B1F-848F-4779-A747-B85DA7CCB970}.Release|Any CPU.Build.0 = Release|Any CPU
		{F24E5B1F-848F-4779-A747-B85DA7CCB970}.Release|ARM.ActiveCfg = Release|Any CPU
		{F24E5B1F-848F-4779-A747-B85DA7CCB970}.Release|ARM.Build.0 = Release|Any CPU
		{F24E5B1F-848F-4779-A747-B85DA7CCB970}.Release|ARM64.ActiveCfg = Release|Any CPU
		{F24E5B1F-848F-4779-A747-B85DA7CCB970}.Release|ARM64.Build.0 = Release|Any CPU
		{F24E5B1F-848F-4779-A747-B85DA7CCB970}.Release|x64.ActiveCfg = Release|Any CPU
		{F24E5B1F-848F-4779-A747-B85DA7CCB970}.Release|x64.Build.0 = Release|Any CPU
		{F24E5B1F-848F-4779-A747-B85DA7CCB970}.Release|x86.ActiveCfg = Release|Any CPU
		{F24E5B1F-848F-4779-A747-B85DA7CCB970}.Release|x86.Build.0 = Release|Any CPU
		{EAC7753D-2980-4BDC-9CEB-383DA918C0DA}.Debug|Any CPU.ActiveCfg = Debug|Any CPU
		{EAC7753D-2980-4BDC-9CEB-383DA918C0DA}.Debug|Any CPU.Build.0 = Debug|Any CPU
		{EAC7753D-2980-4BDC-9CEB-383DA918C0DA}.Debug|ARM.ActiveCfg = Debug|Any CPU
		{EAC7753D-2980-4BDC-9CEB-383DA918C0DA}.Debug|ARM.Build.0 = Debug|Any CPU
		{EAC7753D-2980-4BDC-9CEB-383DA918C0DA}.Debug|ARM64.ActiveCfg = Debug|Any CPU
		{EAC7753D-2980-4BDC-9CEB-383DA918C0DA}.Debug|ARM64.Build.0 = Debug|Any CPU
		{EAC7753D-2980-4BDC-9CEB-383DA918C0DA}.Debug|x64.ActiveCfg = Debug|Any CPU
		{EAC7753D-2980-4BDC-9CEB-383DA918C0DA}.Debug|x64.Build.0 = Debug|Any CPU
		{EAC7753D-2980-4BDC-9CEB-383DA918C0DA}.Debug|x86.ActiveCfg = Debug|Any CPU
		{EAC7753D-2980-4BDC-9CEB-383DA918C0DA}.Debug|x86.Build.0 = Debug|Any CPU
		{EAC7753D-2980-4BDC-9CEB-383DA918C0DA}.Release|Any CPU.ActiveCfg = Release|Any CPU
		{EAC7753D-2980-4BDC-9CEB-383DA918C0DA}.Release|Any CPU.Build.0 = Release|Any CPU
		{EAC7753D-2980-4BDC-9CEB-383DA918C0DA}.Release|ARM.ActiveCfg = Release|Any CPU
		{EAC7753D-2980-4BDC-9CEB-383DA918C0DA}.Release|ARM.Build.0 = Release|Any CPU
		{EAC7753D-2980-4BDC-9CEB-383DA918C0DA}.Release|ARM64.ActiveCfg = Release|Any CPU
		{EAC7753D-2980-4BDC-9CEB-383DA918C0DA}.Release|ARM64.Build.0 = Release|Any CPU
		{EAC7753D-2980-4BDC-9CEB-383DA918C0DA}.Release|x64.ActiveCfg = Release|Any CPU
		{EAC7753D-2980-4BDC-9CEB-383DA918C0DA}.Release|x64.Build.0 = Release|Any CPU
		{EAC7753D-2980-4BDC-9CEB-383DA918C0DA}.Release|x86.ActiveCfg = Release|Any CPU
		{EAC7753D-2980-4BDC-9CEB-383DA918C0DA}.Release|x86.Build.0 = Release|Any CPU
		{54547502-479E-40BE-B495-7DE60A6B9A3A}.Debug|Any CPU.ActiveCfg = Debug|Any CPU
		{54547502-479E-40BE-B495-7DE60A6B9A3A}.Debug|Any CPU.Build.0 = Debug|Any CPU
		{54547502-479E-40BE-B495-7DE60A6B9A3A}.Debug|ARM.ActiveCfg = Debug|Any CPU
		{54547502-479E-40BE-B495-7DE60A6B9A3A}.Debug|ARM.Build.0 = Debug|Any CPU
		{54547502-479E-40BE-B495-7DE60A6B9A3A}.Debug|ARM64.ActiveCfg = Debug|Any CPU
		{54547502-479E-40BE-B495-7DE60A6B9A3A}.Debug|ARM64.Build.0 = Debug|Any CPU
		{54547502-479E-40BE-B495-7DE60A6B9A3A}.Debug|x64.ActiveCfg = Debug|Any CPU
		{54547502-479E-40BE-B495-7DE60A6B9A3A}.Debug|x64.Build.0 = Debug|Any CPU
		{54547502-479E-40BE-B495-7DE60A6B9A3A}.Debug|x86.ActiveCfg = Debug|Any CPU
		{54547502-479E-40BE-B495-7DE60A6B9A3A}.Debug|x86.Build.0 = Debug|Any CPU
		{54547502-479E-40BE-B495-7DE60A6B9A3A}.Release|Any CPU.ActiveCfg = Release|Any CPU
		{54547502-479E-40BE-B495-7DE60A6B9A3A}.Release|Any CPU.Build.0 = Release|Any CPU
		{54547502-479E-40BE-B495-7DE60A6B9A3A}.Release|ARM.ActiveCfg = Release|Any CPU
		{54547502-479E-40BE-B495-7DE60A6B9A3A}.Release|ARM.Build.0 = Release|Any CPU
		{54547502-479E-40BE-B495-7DE60A6B9A3A}.Release|ARM64.ActiveCfg = Release|Any CPU
		{54547502-479E-40BE-B495-7DE60A6B9A3A}.Release|ARM64.Build.0 = Release|Any CPU
		{54547502-479E-40BE-B495-7DE60A6B9A3A}.Release|x64.ActiveCfg = Release|Any CPU
		{54547502-479E-40BE-B495-7DE60A6B9A3A}.Release|x64.Build.0 = Release|Any CPU
		{54547502-479E-40BE-B495-7DE60A6B9A3A}.Release|x86.ActiveCfg = Release|Any CPU
		{54547502-479E-40BE-B495-7DE60A6B9A3A}.Release|x86.Build.0 = Release|Any CPU
		{D80AC862-BAD8-4503-9EB7-98E958EA1E76}.Debug|Any CPU.ActiveCfg = Debug|Any CPU
		{D80AC862-BAD8-4503-9EB7-98E958EA1E76}.Debug|Any CPU.Build.0 = Debug|Any CPU
		{D80AC862-BAD8-4503-9EB7-98E958EA1E76}.Debug|ARM.ActiveCfg = Debug|Any CPU
		{D80AC862-BAD8-4503-9EB7-98E958EA1E76}.Debug|ARM.Build.0 = Debug|Any CPU
		{D80AC862-BAD8-4503-9EB7-98E958EA1E76}.Debug|ARM64.ActiveCfg = Debug|Any CPU
		{D80AC862-BAD8-4503-9EB7-98E958EA1E76}.Debug|ARM64.Build.0 = Debug|Any CPU
		{D80AC862-BAD8-4503-9EB7-98E958EA1E76}.Debug|x64.ActiveCfg = Debug|Any CPU
		{D80AC862-BAD8-4503-9EB7-98E958EA1E76}.Debug|x64.Build.0 = Debug|Any CPU
		{D80AC862-BAD8-4503-9EB7-98E958EA1E76}.Debug|x86.ActiveCfg = Debug|Any CPU
		{D80AC862-BAD8-4503-9EB7-98E958EA1E76}.Debug|x86.Build.0 = Debug|Any CPU
		{D80AC862-BAD8-4503-9EB7-98E958EA1E76}.Release|Any CPU.ActiveCfg = Release|Any CPU
		{D80AC862-BAD8-4503-9EB7-98E958EA1E76}.Release|Any CPU.Build.0 = Release|Any CPU
		{D80AC862-BAD8-4503-9EB7-98E958EA1E76}.Release|ARM.ActiveCfg = Release|Any CPU
		{D80AC862-BAD8-4503-9EB7-98E958EA1E76}.Release|ARM.Build.0 = Release|Any CPU
		{D80AC862-BAD8-4503-9EB7-98E958EA1E76}.Release|ARM64.ActiveCfg = Release|Any CPU
		{D80AC862-BAD8-4503-9EB7-98E958EA1E76}.Release|ARM64.Build.0 = Release|Any CPU
		{D80AC862-BAD8-4503-9EB7-98E958EA1E76}.Release|x64.ActiveCfg = Release|Any CPU
		{D80AC862-BAD8-4503-9EB7-98E958EA1E76}.Release|x64.Build.0 = Release|Any CPU
		{D80AC862-BAD8-4503-9EB7-98E958EA1E76}.Release|x86.ActiveCfg = Release|Any CPU
		{D80AC862-BAD8-4503-9EB7-98E958EA1E76}.Release|x86.Build.0 = Release|Any CPU
		{E0C82A2A-F449-4543-B892-7ADDC76FB782}.Debug|Any CPU.ActiveCfg = Debug|Any CPU
		{E0C82A2A-F449-4543-B892-7ADDC76FB782}.Debug|Any CPU.Build.0 = Debug|Any CPU
		{E0C82A2A-F449-4543-B892-7ADDC76FB782}.Debug|ARM.ActiveCfg = Debug|Any CPU
		{E0C82A2A-F449-4543-B892-7ADDC76FB782}.Debug|ARM.Build.0 = Debug|Any CPU
		{E0C82A2A-F449-4543-B892-7ADDC76FB782}.Debug|ARM64.ActiveCfg = Debug|Any CPU
		{E0C82A2A-F449-4543-B892-7ADDC76FB782}.Debug|ARM64.Build.0 = Debug|Any CPU
		{E0C82A2A-F449-4543-B892-7ADDC76FB782}.Debug|x64.ActiveCfg = Debug|Any CPU
		{E0C82A2A-F449-4543-B892-7ADDC76FB782}.Debug|x64.Build.0 = Debug|Any CPU
		{E0C82A2A-F449-4543-B892-7ADDC76FB782}.Debug|x86.ActiveCfg = Debug|Any CPU
		{E0C82A2A-F449-4543-B892-7ADDC76FB782}.Debug|x86.Build.0 = Debug|Any CPU
		{E0C82A2A-F449-4543-B892-7ADDC76FB782}.Release|Any CPU.ActiveCfg = Release|Any CPU
		{E0C82A2A-F449-4543-B892-7ADDC76FB782}.Release|Any CPU.Build.0 = Release|Any CPU
		{E0C82A2A-F449-4543-B892-7ADDC76FB782}.Release|ARM.ActiveCfg = Release|Any CPU
		{E0C82A2A-F449-4543-B892-7ADDC76FB782}.Release|ARM.Build.0 = Release|Any CPU
		{E0C82A2A-F449-4543-B892-7ADDC76FB782}.Release|ARM64.ActiveCfg = Release|Any CPU
		{E0C82A2A-F449-4543-B892-7ADDC76FB782}.Release|ARM64.Build.0 = Release|Any CPU
		{E0C82A2A-F449-4543-B892-7ADDC76FB782}.Release|x64.ActiveCfg = Release|Any CPU
		{E0C82A2A-F449-4543-B892-7ADDC76FB782}.Release|x64.Build.0 = Release|Any CPU
		{E0C82A2A-F449-4543-B892-7ADDC76FB782}.Release|x86.ActiveCfg = Release|Any CPU
		{E0C82A2A-F449-4543-B892-7ADDC76FB782}.Release|x86.Build.0 = Release|Any CPU
		{F0F61389-B74A-4F72-A4BB-8AB2D4917E88}.Debug|Any CPU.ActiveCfg = Debug|Any CPU
		{F0F61389-B74A-4F72-A4BB-8AB2D4917E88}.Debug|Any CPU.Build.0 = Debug|Any CPU
		{F0F61389-B74A-4F72-A4BB-8AB2D4917E88}.Debug|ARM.ActiveCfg = Debug|Any CPU
		{F0F61389-B74A-4F72-A4BB-8AB2D4917E88}.Debug|ARM.Build.0 = Debug|Any CPU
		{F0F61389-B74A-4F72-A4BB-8AB2D4917E88}.Debug|ARM64.ActiveCfg = Debug|Any CPU
		{F0F61389-B74A-4F72-A4BB-8AB2D4917E88}.Debug|ARM64.Build.0 = Debug|Any CPU
		{F0F61389-B74A-4F72-A4BB-8AB2D4917E88}.Debug|x64.ActiveCfg = Debug|Any CPU
		{F0F61389-B74A-4F72-A4BB-8AB2D4917E88}.Debug|x64.Build.0 = Debug|Any CPU
		{F0F61389-B74A-4F72-A4BB-8AB2D4917E88}.Debug|x86.ActiveCfg = Debug|Any CPU
		{F0F61389-B74A-4F72-A4BB-8AB2D4917E88}.Debug|x86.Build.0 = Debug|Any CPU
		{F0F61389-B74A-4F72-A4BB-8AB2D4917E88}.Release|Any CPU.ActiveCfg = Release|Any CPU
		{F0F61389-B74A-4F72-A4BB-8AB2D4917E88}.Release|Any CPU.Build.0 = Release|Any CPU
		{F0F61389-B74A-4F72-A4BB-8AB2D4917E88}.Release|ARM.ActiveCfg = Release|Any CPU
		{F0F61389-B74A-4F72-A4BB-8AB2D4917E88}.Release|ARM.Build.0 = Release|Any CPU
		{F0F61389-B74A-4F72-A4BB-8AB2D4917E88}.Release|ARM64.ActiveCfg = Release|Any CPU
		{F0F61389-B74A-4F72-A4BB-8AB2D4917E88}.Release|ARM64.Build.0 = Release|Any CPU
		{F0F61389-B74A-4F72-A4BB-8AB2D4917E88}.Release|x64.ActiveCfg = Release|Any CPU
		{F0F61389-B74A-4F72-A4BB-8AB2D4917E88}.Release|x64.Build.0 = Release|Any CPU
		{F0F61389-B74A-4F72-A4BB-8AB2D4917E88}.Release|x86.ActiveCfg = Release|Any CPU
		{F0F61389-B74A-4F72-A4BB-8AB2D4917E88}.Release|x86.Build.0 = Release|Any CPU
		{1CFF9A67-41CE-4A22-A8C9-C703E6DFABA7}.Debug|Any CPU.ActiveCfg = Debug|Any CPU
		{1CFF9A67-41CE-4A22-A8C9-C703E6DFABA7}.Debug|Any CPU.Build.0 = Debug|Any CPU
		{1CFF9A67-41CE-4A22-A8C9-C703E6DFABA7}.Debug|ARM.ActiveCfg = Debug|Any CPU
		{1CFF9A67-41CE-4A22-A8C9-C703E6DFABA7}.Debug|ARM.Build.0 = Debug|Any CPU
		{1CFF9A67-41CE-4A22-A8C9-C703E6DFABA7}.Debug|ARM64.ActiveCfg = Debug|Any CPU
		{1CFF9A67-41CE-4A22-A8C9-C703E6DFABA7}.Debug|ARM64.Build.0 = Debug|Any CPU
		{1CFF9A67-41CE-4A22-A8C9-C703E6DFABA7}.Debug|x64.ActiveCfg = Debug|Any CPU
		{1CFF9A67-41CE-4A22-A8C9-C703E6DFABA7}.Debug|x64.Build.0 = Debug|Any CPU
		{1CFF9A67-41CE-4A22-A8C9-C703E6DFABA7}.Debug|x86.ActiveCfg = Debug|Any CPU
		{1CFF9A67-41CE-4A22-A8C9-C703E6DFABA7}.Debug|x86.Build.0 = Debug|Any CPU
		{1CFF9A67-41CE-4A22-A8C9-C703E6DFABA7}.Release|Any CPU.ActiveCfg = Release|Any CPU
		{1CFF9A67-41CE-4A22-A8C9-C703E6DFABA7}.Release|Any CPU.Build.0 = Release|Any CPU
		{1CFF9A67-41CE-4A22-A8C9-C703E6DFABA7}.Release|ARM.ActiveCfg = Release|Any CPU
		{1CFF9A67-41CE-4A22-A8C9-C703E6DFABA7}.Release|ARM.Build.0 = Release|Any CPU
		{1CFF9A67-41CE-4A22-A8C9-C703E6DFABA7}.Release|ARM64.ActiveCfg = Release|Any CPU
		{1CFF9A67-41CE-4A22-A8C9-C703E6DFABA7}.Release|ARM64.Build.0 = Release|Any CPU
		{1CFF9A67-41CE-4A22-A8C9-C703E6DFABA7}.Release|x64.ActiveCfg = Release|Any CPU
		{1CFF9A67-41CE-4A22-A8C9-C703E6DFABA7}.Release|x64.Build.0 = Release|Any CPU
		{1CFF9A67-41CE-4A22-A8C9-C703E6DFABA7}.Release|x86.ActiveCfg = Release|Any CPU
		{1CFF9A67-41CE-4A22-A8C9-C703E6DFABA7}.Release|x86.Build.0 = Release|Any CPU
	EndGlobalSection
	GlobalSection(SolutionProperties) = preSolution
		HideSolutionNode = FALSE
	EndGlobalSection
	GlobalSection(ExtensibilityGlobals) = postSolution
		SolutionGuid = {2B4FC0BB-A60B-4C9F-B408-B9A1FB902BBB}
	EndGlobalSection
EndGlobal
