
Microsoft Visual Studio Solution File, Format Version 12.00
# Visual Studio Version 17
VisualStudioVersion = 17.2.32427.441
MinimumVisualStudioVersion = 10.0.40219.1
Project("{FAE04EC0-301F-11D3-BF4B-00C04F79EFBC}") = "McProtoNet", "McProtoNet\McProtoNet.csproj", "{56AB3F81-A175-48D5-9C14-14012E03951F}"
EndProject
Global
	GlobalSection(SolutionConfigurationPlatforms) = preSolution
		Debug|Any CPU = Debug|Any CPU
		Release|Any CPU = Release|Any CPU
	EndGlobalSection
	GlobalSection(ProjectConfigurationPlatforms) = postSolution
		{56AB3F81-A175-48D5-9C14-14012E03951F}.Debug|Any CPU.ActiveCfg = Debug|Any CPU
		{56AB3F81-A175-48D5-9C14-14012E03951F}.Debug|Any CPU.Build.0 = Debug|Any CPU
		{56AB3F81-A175-48D5-9C14-14012E03951F}.Release|Any CPU.ActiveCfg = Release|Any CPU
		{56AB3F81-A175-48D5-9C14-14012E03951F}.Release|Any CPU.Build.0 = Release|Any CPU
	EndGlobalSection
	GlobalSection(SolutionProperties) = preSolution
		HideSolutionNode = FALSE
	EndGlobalSection
	GlobalSection(ExtensibilityGlobals) = postSolution
		SolutionGuid = {DAC3537B-94F0-4A66-BE17-A35D32E81AC8}
	EndGlobalSection
EndGlobal
