
Microsoft Visual Studio Solution File, Format Version 12.00
# Visual Studio Version 17
VisualStudioVersion = 17.0.32112.339
MinimumVisualStudioVersion = 10.0.40219.1
Project("{9A19103F-16F7-4668-BE54-9A1E7A4F7556}") = "MinecraftLibrary.API", "MinecraftLibrary.API\MinecraftLibrary.API.csproj", "{35E36F97-CF7F-4DB0-93B2-045BF54540F4}"
EndProject
Project("{9A19103F-16F7-4668-BE54-9A1E7A4F7556}") = "ProtocolLib340", "ProtocolLib340\ProtocolLib340.csproj", "{353C5E7C-5ED9-4675-85B4-E20F4F28C838}"
EndProject
Project("{9A19103F-16F7-4668-BE54-9A1E7A4F7556}") = "ConsoleApp1", "ConsoleApp1\ConsoleApp1.csproj", "{F0F61389-B74A-4F72-A4BB-8AB2D4917E88}"
EndProject
Project("{9A19103F-16F7-4668-BE54-9A1E7A4F7556}") = "ProtoLib.PacketsRepository754", "ProtocolLib754\ProtoLib.PacketsRepository754.csproj", "{E1D6E2BF-F57F-4457-86AC-31C985AA0400}"
EndProject
Project("{9A19103F-16F7-4668-BE54-9A1E7A4F7556}") = "MinecraftLibrary", "MinecraftLibrary\MinecraftLibrary.csproj", "{FAC59F9F-B6FE-40EF-B81C-207907A0CE42}"
EndProject
Project("{9A19103F-16F7-4668-BE54-9A1E7A4F7556}") = "MinecraftLibrary.NBT", "MinecraftLibrary.NBT\MinecraftLibrary.NBT.csproj", "{A204135D-794B-4391-A947-255A1798544E}"
EndProject
Project("{9A19103F-16F7-4668-BE54-9A1E7A4F7556}") = "MinecraftLibrary.Geometry", "MinecraftLibrary.Geometry\MinecraftLibrary.Geometry.csproj", "{31BE1A0D-66D9-4983-A0B7-5EE360FD4ABA}"
EndProject
Project("{9A19103F-16F7-4668-BE54-9A1E7A4F7556}") = "MinecraftLibrary.Tests", "MinecraftLibrary.Tests\MinecraftLibrary.Tests.csproj", "{1B514406-98B8-4450-AEF1-FBCDDC1D88B6}"
EndProject
Project("{9A19103F-16F7-4668-BE54-9A1E7A4F7556}") = "MinecraftLibrary.Services", "MinecraftLibrary.Services\MinecraftLibrary.Services.csproj", "{F24E5B1F-848F-4779-A747-B85DA7CCB970}"
EndProject
Project("{9A19103F-16F7-4668-BE54-9A1E7A4F7556}") = "TestPositions", "TestPositions\TestPositions.csproj", "{2439B11E-B649-4531-A3EF-ACA28544CB3E}"
EndProject
Global
	GlobalSection(SolutionConfigurationPlatforms) = preSolution
		Debug|Any CPU = Debug|Any CPU
		Debug|ARM = Debug|ARM
		Debug|ARM64 = Debug|ARM64
		Debug|x64 = Debug|x64
		Debug|x86 = Debug|x86
		Release|Any CPU = Release|Any CPU
		Release|ARM = Release|ARM
		Release|ARM64 = Release|ARM64
		Release|x64 = Release|x64
		Release|x86 = Release|x86
	EndGlobalSection
	GlobalSection(ProjectConfigurationPlatforms) = postSolution
		{35E36F97-CF7F-4DB0-93B2-045BF54540F4}.Debug|Any CPU.ActiveCfg = Debug|Any CPU
		{35E36F97-CF7F-4DB0-93B2-045BF54540F4}.Debug|Any CPU.Build.0 = Debug|Any CPU
		{35E36F97-CF7F-4DB0-93B2-045BF54540F4}.Debug|ARM.ActiveCfg = Debug|Any CPU
		{35E36F97-CF7F-4DB0-93B2-045BF54540F4}.Debug|ARM.Build.0 = Debug|Any CPU
		{35E36F97-CF7F-4DB0-93B2-045BF54540F4}.Debug|ARM64.ActiveCfg = Debug|Any CPU
		{35E36F97-CF7F-4DB0-93B2-045BF54540F4}.Debug|ARM64.Build.0 = Debug|Any CPU
		{35E36F97-CF7F-4DB0-93B2-045BF54540F4}.Debug|x64.ActiveCfg = Debug|Any CPU
		{35E36F97-CF7F-4DB0-93B2-045BF54540F4}.Debug|x64.Build.0 = Debug|Any CPU
		{35E36F97-CF7F-4DB0-93B2-045BF54540F4}.Debug|x86.ActiveCfg = Debug|Any CPU
		{35E36F97-CF7F-4DB0-93B2-045BF54540F4}.Debug|x86.Build.0 = Debug|Any CPU
		{35E36F97-CF7F-4DB0-93B2-045BF54540F4}.Release|Any CPU.ActiveCfg = Release|Any CPU
		{35E36F97-CF7F-4DB0-93B2-045BF54540F4}.Release|Any CPU.Build.0 = Release|Any CPU
		{35E36F97-CF7F-4DB0-93B2-045BF54540F4}.Release|ARM.ActiveCfg = Release|Any CPU
		{35E36F97-CF7F-4DB0-93B2-045BF54540F4}.Release|ARM.Build.0 = Release|Any CPU
		{35E36F97-CF7F-4DB0-93B2-045BF54540F4}.Release|ARM64.ActiveCfg = Release|Any CPU
		{35E36F97-CF7F-4DB0-93B2-045BF54540F4}.Release|ARM64.Build.0 = Release|Any CPU
		{35E36F97-CF7F-4DB0-93B2-045BF54540F4}.Release|x64.ActiveCfg = Release|Any CPU
		{35E36F97-CF7F-4DB0-93B2-045BF54540F4}.Release|x64.Build.0 = Release|Any CPU
		{35E36F97-CF7F-4DB0-93B2-045BF54540F4}.Release|x86.ActiveCfg = Release|Any CPU
		{35E36F97-CF7F-4DB0-93B2-045BF54540F4}.Release|x86.Build.0 = Release|Any CPU
		{353C5E7C-5ED9-4675-85B4-E20F4F28C838}.Debug|Any CPU.ActiveCfg = Debug|Any CPU
		{353C5E7C-5ED9-4675-85B4-E20F4F28C838}.Debug|Any CPU.Build.0 = Debug|Any CPU
		{353C5E7C-5ED9-4675-85B4-E20F4F28C838}.Debug|ARM.ActiveCfg = Debug|Any CPU
		{353C5E7C-5ED9-4675-85B4-E20F4F28C838}.Debug|ARM.Build.0 = Debug|Any CPU
		{353C5E7C-5ED9-4675-85B4-E20F4F28C838}.Debug|ARM64.ActiveCfg = Debug|Any CPU
		{353C5E7C-5ED9-4675-85B4-E20F4F28C838}.Debug|ARM64.Build.0 = Debug|Any CPU
		{353C5E7C-5ED9-4675-85B4-E20F4F28C838}.Debug|x64.ActiveCfg = Debug|Any CPU
		{353C5E7C-5ED9-4675-85B4-E20F4F28C838}.Debug|x64.Build.0 = Debug|Any CPU
		{353C5E7C-5ED9-4675-85B4-E20F4F28C838}.Debug|x86.ActiveCfg = Debug|Any CPU
		{353C5E7C-5ED9-4675-85B4-E20F4F28C838}.Debug|x86.Build.0 = Debug|Any CPU
		{353C5E7C-5ED9-4675-85B4-E20F4F28C838}.Release|Any CPU.ActiveCfg = Release|Any CPU
		{353C5E7C-5ED9-4675-85B4-E20F4F28C838}.Release|Any CPU.Build.0 = Release|Any CPU
		{353C5E7C-5ED9-4675-85B4-E20F4F28C838}.Release|ARM.ActiveCfg = Release|Any CPU
		{353C5E7C-5ED9-4675-85B4-E20F4F28C838}.Release|ARM.Build.0 = Release|Any CPU
		{353C5E7C-5ED9-4675-85B4-E20F4F28C838}.Release|ARM64.ActiveCfg = Release|Any CPU
		{353C5E7C-5ED9-4675-85B4-E20F4F28C838}.Release|ARM64.Build.0 = Release|Any CPU
		{353C5E7C-5ED9-4675-85B4-E20F4F28C838}.Release|x64.ActiveCfg = Release|Any CPU
		{353C5E7C-5ED9-4675-85B4-E20F4F28C838}.Release|x64.Build.0 = Release|Any CPU
		{353C5E7C-5ED9-4675-85B4-E20F4F28C838}.Release|x86.ActiveCfg = Release|Any CPU
		{353C5E7C-5ED9-4675-85B4-E20F4F28C838}.Release|x86.Build.0 = Release|Any CPU
		{F0F61389-B74A-4F72-A4BB-8AB2D4917E88}.Debug|Any CPU.ActiveCfg = Debug|Any CPU
		{F0F61389-B74A-4F72-A4BB-8AB2D4917E88}.Debug|Any CPU.Build.0 = Debug|Any CPU
		{F0F61389-B74A-4F72-A4BB-8AB2D4917E88}.Debug|ARM.ActiveCfg = Debug|Any CPU
		{F0F61389-B74A-4F72-A4BB-8AB2D4917E88}.Debug|ARM.Build.0 = Debug|Any CPU
		{F0F61389-B74A-4F72-A4BB-8AB2D4917E88}.Debug|ARM64.ActiveCfg = Debug|Any CPU
		{F0F61389-B74A-4F72-A4BB-8AB2D4917E88}.Debug|ARM64.Build.0 = Debug|Any CPU
		{F0F61389-B74A-4F72-A4BB-8AB2D4917E88}.Debug|x64.ActiveCfg = Debug|Any CPU
		{F0F61389-B74A-4F72-A4BB-8AB2D4917E88}.Debug|x64.Build.0 = Debug|Any CPU
		{F0F61389-B74A-4F72-A4BB-8AB2D4917E88}.Debug|x86.ActiveCfg = Debug|Any CPU
		{F0F61389-B74A-4F72-A4BB-8AB2D4917E88}.Debug|x86.Build.0 = Debug|Any CPU
		{F0F61389-B74A-4F72-A4BB-8AB2D4917E88}.Release|Any CPU.ActiveCfg = Release|Any CPU
		{F0F61389-B74A-4F72-A4BB-8AB2D4917E88}.Release|Any CPU.Build.0 = Release|Any CPU
		{F0F61389-B74A-4F72-A4BB-8AB2D4917E88}.Release|ARM.ActiveCfg = Release|Any CPU
		{F0F61389-B74A-4F72-A4BB-8AB2D4917E88}.Release|ARM.Build.0 = Release|Any CPU
		{F0F61389-B74A-4F72-A4BB-8AB2D4917E88}.Release|ARM64.ActiveCfg = Release|Any CPU
		{F0F61389-B74A-4F72-A4BB-8AB2D4917E88}.Release|ARM64.Build.0 = Release|Any CPU
		{F0F61389-B74A-4F72-A4BB-8AB2D4917E88}.Release|x64.ActiveCfg = Release|Any CPU
		{F0F61389-B74A-4F72-A4BB-8AB2D4917E88}.Release|x64.Build.0 = Release|Any CPU
		{F0F61389-B74A-4F72-A4BB-8AB2D4917E88}.Release|x86.ActiveCfg = Release|Any CPU
		{F0F61389-B74A-4F72-A4BB-8AB2D4917E88}.Release|x86.Build.0 = Release|Any CPU
		{E1D6E2BF-F57F-4457-86AC-31C985AA0400}.Debug|Any CPU.ActiveCfg = Debug|Any CPU
		{E1D6E2BF-F57F-4457-86AC-31C985AA0400}.Debug|Any CPU.Build.0 = Debug|Any CPU
		{E1D6E2BF-F57F-4457-86AC-31C985AA0400}.Debug|ARM.ActiveCfg = Debug|Any CPU
		{E1D6E2BF-F57F-4457-86AC-31C985AA0400}.Debug|ARM.Build.0 = Debug|Any CPU
		{E1D6E2BF-F57F-4457-86AC-31C985AA0400}.Debug|ARM64.ActiveCfg = Debug|Any CPU
		{E1D6E2BF-F57F-4457-86AC-31C985AA0400}.Debug|ARM64.Build.0 = Debug|Any CPU
		{E1D6E2BF-F57F-4457-86AC-31C985AA0400}.Debug|x64.ActiveCfg = Debug|Any CPU
		{E1D6E2BF-F57F-4457-86AC-31C985AA0400}.Debug|x64.Build.0 = Debug|Any CPU
		{E1D6E2BF-F57F-4457-86AC-31C985AA0400}.Debug|x86.ActiveCfg = Debug|Any CPU
		{E1D6E2BF-F57F-4457-86AC-31C985AA0400}.Debug|x86.Build.0 = Debug|Any CPU
		{E1D6E2BF-F57F-4457-86AC-31C985AA0400}.Release|Any CPU.ActiveCfg = Release|Any CPU
		{E1D6E2BF-F57F-4457-86AC-31C985AA0400}.Release|Any CPU.Build.0 = Release|Any CPU
		{E1D6E2BF-F57F-4457-86AC-31C985AA0400}.Release|ARM.ActiveCfg = Release|Any CPU
		{E1D6E2BF-F57F-4457-86AC-31C985AA0400}.Release|ARM.Build.0 = Release|Any CPU
		{E1D6E2BF-F57F-4457-86AC-31C985AA0400}.Release|ARM64.ActiveCfg = Release|Any CPU
		{E1D6E2BF-F57F-4457-86AC-31C985AA0400}.Release|ARM64.Build.0 = Release|Any CPU
		{E1D6E2BF-F57F-4457-86AC-31C985AA0400}.Release|x64.ActiveCfg = Release|Any CPU
		{E1D6E2BF-F57F-4457-86AC-31C985AA0400}.Release|x64.Build.0 = Release|Any CPU
		{E1D6E2BF-F57F-4457-86AC-31C985AA0400}.Release|x86.ActiveCfg = Release|Any CPU
		{E1D6E2BF-F57F-4457-86AC-31C985AA0400}.Release|x86.Build.0 = Release|Any CPU
		{FAC59F9F-B6FE-40EF-B81C-207907A0CE42}.Debug|Any CPU.ActiveCfg = Debug|Any CPU
		{FAC59F9F-B6FE-40EF-B81C-207907A0CE42}.Debug|Any CPU.Build.0 = Debug|Any CPU
		{FAC59F9F-B6FE-40EF-B81C-207907A0CE42}.Debug|ARM.ActiveCfg = Debug|Any CPU
		{FAC59F9F-B6FE-40EF-B81C-207907A0CE42}.Debug|ARM.Build.0 = Debug|Any CPU
		{FAC59F9F-B6FE-40EF-B81C-207907A0CE42}.Debug|ARM64.ActiveCfg = Debug|Any CPU
		{FAC59F9F-B6FE-40EF-B81C-207907A0CE42}.Debug|ARM64.Build.0 = Debug|Any CPU
		{FAC59F9F-B6FE-40EF-B81C-207907A0CE42}.Debug|x64.ActiveCfg = Debug|Any CPU
		{FAC59F9F-B6FE-40EF-B81C-207907A0CE42}.Debug|x64.Build.0 = Debug|Any CPU
		{FAC59F9F-B6FE-40EF-B81C-207907A0CE42}.Debug|x86.ActiveCfg = Debug|Any CPU
		{FAC59F9F-B6FE-40EF-B81C-207907A0CE42}.Debug|x86.Build.0 = Debug|Any CPU
		{FAC59F9F-B6FE-40EF-B81C-207907A0CE42}.Release|Any CPU.ActiveCfg = Release|Any CPU
		{FAC59F9F-B6FE-40EF-B81C-207907A0CE42}.Release|Any CPU.Build.0 = Release|Any CPU
		{FAC59F9F-B6FE-40EF-B81C-207907A0CE42}.Release|ARM.ActiveCfg = Release|Any CPU
		{FAC59F9F-B6FE-40EF-B81C-207907A0CE42}.Release|ARM.Build.0 = Release|Any CPU
		{FAC59F9F-B6FE-40EF-B81C-207907A0CE42}.Release|ARM64.ActiveCfg = Release|Any CPU
		{FAC59F9F-B6FE-40EF-B81C-207907A0CE42}.Release|ARM64.Build.0 = Release|Any CPU
		{FAC59F9F-B6FE-40EF-B81C-207907A0CE42}.Release|x64.ActiveCfg = Release|Any CPU
		{FAC59F9F-B6FE-40EF-B81C-207907A0CE42}.Release|x64.Build.0 = Release|Any CPU
		{FAC59F9F-B6FE-40EF-B81C-207907A0CE42}.Release|x86.ActiveCfg = Release|Any CPU
		{FAC59F9F-B6FE-40EF-B81C-207907A0CE42}.Release|x86.Build.0 = Release|Any CPU
		{A204135D-794B-4391-A947-255A1798544E}.Debug|Any CPU.ActiveCfg = Debug|Any CPU
		{A204135D-794B-4391-A947-255A1798544E}.Debug|Any CPU.Build.0 = Debug|Any CPU
		{A204135D-794B-4391-A947-255A1798544E}.Debug|ARM.ActiveCfg = Debug|Any CPU
		{A204135D-794B-4391-A947-255A1798544E}.Debug|ARM.Build.0 = Debug|Any CPU
		{A204135D-794B-4391-A947-255A1798544E}.Debug|ARM64.ActiveCfg = Debug|Any CPU
		{A204135D-794B-4391-A947-255A1798544E}.Debug|ARM64.Build.0 = Debug|Any CPU
		{A204135D-794B-4391-A947-255A1798544E}.Debug|x64.ActiveCfg = Debug|Any CPU
		{A204135D-794B-4391-A947-255A1798544E}.Debug|x64.Build.0 = Debug|Any CPU
		{A204135D-794B-4391-A947-255A1798544E}.Debug|x86.ActiveCfg = Debug|Any CPU
		{A204135D-794B-4391-A947-255A1798544E}.Debug|x86.Build.0 = Debug|Any CPU
		{A204135D-794B-4391-A947-255A1798544E}.Release|Any CPU.ActiveCfg = Release|Any CPU
		{A204135D-794B-4391-A947-255A1798544E}.Release|Any CPU.Build.0 = Release|Any CPU
		{A204135D-794B-4391-A947-255A1798544E}.Release|ARM.ActiveCfg = Release|Any CPU
		{A204135D-794B-4391-A947-255A1798544E}.Release|ARM.Build.0 = Release|Any CPU
		{A204135D-794B-4391-A947-255A1798544E}.Release|ARM64.ActiveCfg = Release|Any CPU
		{A204135D-794B-4391-A947-255A1798544E}.Release|ARM64.Build.0 = Release|Any CPU
		{A204135D-794B-4391-A947-255A1798544E}.Release|x64.ActiveCfg = Release|Any CPU
		{A204135D-794B-4391-A947-255A1798544E}.Release|x64.Build.0 = Release|Any CPU
		{A204135D-794B-4391-A947-255A1798544E}.Release|x86.ActiveCfg = Release|Any CPU
		{A204135D-794B-4391-A947-255A1798544E}.Release|x86.Build.0 = Release|Any CPU
		{31BE1A0D-66D9-4983-A0B7-5EE360FD4ABA}.Debug|Any CPU.ActiveCfg = Debug|Any CPU
		{31BE1A0D-66D9-4983-A0B7-5EE360FD4ABA}.Debug|Any CPU.Build.0 = Debug|Any CPU
		{31BE1A0D-66D9-4983-A0B7-5EE360FD4ABA}.Debug|ARM.ActiveCfg = Debug|Any CPU
		{31BE1A0D-66D9-4983-A0B7-5EE360FD4ABA}.Debug|ARM.Build.0 = Debug|Any CPU
		{31BE1A0D-66D9-4983-A0B7-5EE360FD4ABA}.Debug|ARM64.ActiveCfg = Debug|Any CPU
		{31BE1A0D-66D9-4983-A0B7-5EE360FD4ABA}.Debug|ARM64.Build.0 = Debug|Any CPU
		{31BE1A0D-66D9-4983-A0B7-5EE360FD4ABA}.Debug|x64.ActiveCfg = Debug|Any CPU
		{31BE1A0D-66D9-4983-A0B7-5EE360FD4ABA}.Debug|x64.Build.0 = Debug|Any CPU
		{31BE1A0D-66D9-4983-A0B7-5EE360FD4ABA}.Debug|x86.ActiveCfg = Debug|Any CPU
		{31BE1A0D-66D9-4983-A0B7-5EE360FD4ABA}.Debug|x86.Build.0 = Debug|Any CPU
		{31BE1A0D-66D9-4983-A0B7-5EE360FD4ABA}.Release|Any CPU.ActiveCfg = Release|Any CPU
		{31BE1A0D-66D9-4983-A0B7-5EE360FD4ABA}.Release|Any CPU.Build.0 = Release|Any CPU
		{31BE1A0D-66D9-4983-A0B7-5EE360FD4ABA}.Release|ARM.ActiveCfg = Release|Any CPU
		{31BE1A0D-66D9-4983-A0B7-5EE360FD4ABA}.Release|ARM.Build.0 = Release|Any CPU
		{31BE1A0D-66D9-4983-A0B7-5EE360FD4ABA}.Release|ARM64.ActiveCfg = Release|Any CPU
		{31BE1A0D-66D9-4983-A0B7-5EE360FD4ABA}.Release|ARM64.Build.0 = Release|Any CPU
		{31BE1A0D-66D9-4983-A0B7-5EE360FD4ABA}.Release|x64.ActiveCfg = Release|Any CPU
		{31BE1A0D-66D9-4983-A0B7-5EE360FD4ABA}.Release|x64.Build.0 = Release|Any CPU
		{31BE1A0D-66D9-4983-A0B7-5EE360FD4ABA}.Release|x86.ActiveCfg = Release|Any CPU
		{31BE1A0D-66D9-4983-A0B7-5EE360FD4ABA}.Release|x86.Build.0 = Release|Any CPU
		{1B514406-98B8-4450-AEF1-FBCDDC1D88B6}.Debug|Any CPU.ActiveCfg = Debug|Any CPU
		{1B514406-98B8-4450-AEF1-FBCDDC1D88B6}.Debug|Any CPU.Build.0 = Debug|Any CPU
		{1B514406-98B8-4450-AEF1-FBCDDC1D88B6}.Debug|ARM.ActiveCfg = Debug|Any CPU
		{1B514406-98B8-4450-AEF1-FBCDDC1D88B6}.Debug|ARM.Build.0 = Debug|Any CPU
		{1B514406-98B8-4450-AEF1-FBCDDC1D88B6}.Debug|ARM64.ActiveCfg = Debug|Any CPU
		{1B514406-98B8-4450-AEF1-FBCDDC1D88B6}.Debug|ARM64.Build.0 = Debug|Any CPU
		{1B514406-98B8-4450-AEF1-FBCDDC1D88B6}.Debug|x64.ActiveCfg = Debug|Any CPU
		{1B514406-98B8-4450-AEF1-FBCDDC1D88B6}.Debug|x64.Build.0 = Debug|Any CPU
		{1B514406-98B8-4450-AEF1-FBCDDC1D88B6}.Debug|x86.ActiveCfg = Debug|Any CPU
		{1B514406-98B8-4450-AEF1-FBCDDC1D88B6}.Debug|x86.Build.0 = Debug|Any CPU
		{1B514406-98B8-4450-AEF1-FBCDDC1D88B6}.Release|Any CPU.ActiveCfg = Release|Any CPU
		{1B514406-98B8-4450-AEF1-FBCDDC1D88B6}.Release|Any CPU.Build.0 = Release|Any CPU
		{1B514406-98B8-4450-AEF1-FBCDDC1D88B6}.Release|ARM.ActiveCfg = Release|Any CPU
		{1B514406-98B8-4450-AEF1-FBCDDC1D88B6}.Release|ARM.Build.0 = Release|Any CPU
		{1B514406-98B8-4450-AEF1-FBCDDC1D88B6}.Release|ARM64.ActiveCfg = Release|Any CPU
		{1B514406-98B8-4450-AEF1-FBCDDC1D88B6}.Release|ARM64.Build.0 = Release|Any CPU
		{1B514406-98B8-4450-AEF1-FBCDDC1D88B6}.Release|x64.ActiveCfg = Release|Any CPU
		{1B514406-98B8-4450-AEF1-FBCDDC1D88B6}.Release|x64.Build.0 = Release|Any CPU
		{1B514406-98B8-4450-AEF1-FBCDDC1D88B6}.Release|x86.ActiveCfg = Release|Any CPU
		{1B514406-98B8-4450-AEF1-FBCDDC1D88B6}.Release|x86.Build.0 = Release|Any CPU
		{F24E5B1F-848F-4779-A747-B85DA7CCB970}.Debug|Any CPU.ActiveCfg = Debug|Any CPU
		{F24E5B1F-848F-4779-A747-B85DA7CCB970}.Debug|Any CPU.Build.0 = Debug|Any CPU
		{F24E5B1F-848F-4779-A747-B85DA7CCB970}.Debug|ARM.ActiveCfg = Debug|Any CPU
		{F24E5B1F-848F-4779-A747-B85DA7CCB970}.Debug|ARM.Build.0 = Debug|Any CPU
		{F24E5B1F-848F-4779-A747-B85DA7CCB970}.Debug|ARM64.ActiveCfg = Debug|Any CPU
		{F24E5B1F-848F-4779-A747-B85DA7CCB970}.Debug|ARM64.Build.0 = Debug|Any CPU
		{F24E5B1F-848F-4779-A747-B85DA7CCB970}.Debug|x64.ActiveCfg = Debug|Any CPU
		{F24E5B1F-848F-4779-A747-B85DA7CCB970}.Debug|x64.Build.0 = Debug|Any CPU
		{F24E5B1F-848F-4779-A747-B85DA7CCB970}.Debug|x86.ActiveCfg = Debug|Any CPU
		{F24E5B1F-848F-4779-A747-B85DA7CCB970}.Debug|x86.Build.0 = Debug|Any CPU
		{F24E5B1F-848F-4779-A747-B85DA7CCB970}.Release|Any CPU.ActiveCfg = Release|Any CPU
		{F24E5B1F-848F-4779-A747-B85DA7CCB970}.Release|Any CPU.Build.0 = Release|Any CPU
		{F24E5B1F-848F-4779-A747-B85DA7CCB970}.Release|ARM.ActiveCfg = Release|Any CPU
		{F24E5B1F-848F-4779-A747-B85DA7CCB970}.Release|ARM.Build.0 = Release|Any CPU
		{F24E5B1F-848F-4779-A747-B85DA7CCB970}.Release|ARM64.ActiveCfg = Release|Any CPU
		{F24E5B1F-848F-4779-A747-B85DA7CCB970}.Release|ARM64.Build.0 = Release|Any CPU
		{F24E5B1F-848F-4779-A747-B85DA7CCB970}.Release|x64.ActiveCfg = Release|Any CPU
		{F24E5B1F-848F-4779-A747-B85DA7CCB970}.Release|x64.Build.0 = Release|Any CPU
		{F24E5B1F-848F-4779-A747-B85DA7CCB970}.Release|x86.ActiveCfg = Release|Any CPU
		{F24E5B1F-848F-4779-A747-B85DA7CCB970}.Release|x86.Build.0 = Release|Any CPU
		{2439B11E-B649-4531-A3EF-ACA28544CB3E}.Debug|Any CPU.ActiveCfg = Debug|Any CPU
		{2439B11E-B649-4531-A3EF-ACA28544CB3E}.Debug|Any CPU.Build.0 = Debug|Any CPU
		{2439B11E-B649-4531-A3EF-ACA28544CB3E}.Debug|ARM.ActiveCfg = Debug|Any CPU
		{2439B11E-B649-4531-A3EF-ACA28544CB3E}.Debug|ARM.Build.0 = Debug|Any CPU
		{2439B11E-B649-4531-A3EF-ACA28544CB3E}.Debug|ARM64.ActiveCfg = Debug|Any CPU
		{2439B11E-B649-4531-A3EF-ACA28544CB3E}.Debug|ARM64.Build.0 = Debug|Any CPU
		{2439B11E-B649-4531-A3EF-ACA28544CB3E}.Debug|x64.ActiveCfg = Debug|Any CPU
		{2439B11E-B649-4531-A3EF-ACA28544CB3E}.Debug|x64.Build.0 = Debug|Any CPU
		{2439B11E-B649-4531-A3EF-ACA28544CB3E}.Debug|x86.ActiveCfg = Debug|Any CPU
		{2439B11E-B649-4531-A3EF-ACA28544CB3E}.Debug|x86.Build.0 = Debug|Any CPU
		{2439B11E-B649-4531-A3EF-ACA28544CB3E}.Release|Any CPU.ActiveCfg = Release|Any CPU
		{2439B11E-B649-4531-A3EF-ACA28544CB3E}.Release|Any CPU.Build.0 = Release|Any CPU
		{2439B11E-B649-4531-A3EF-ACA28544CB3E}.Release|ARM.ActiveCfg = Release|Any CPU
		{2439B11E-B649-4531-A3EF-ACA28544CB3E}.Release|ARM.Build.0 = Release|Any CPU
		{2439B11E-B649-4531-A3EF-ACA28544CB3E}.Release|ARM64.ActiveCfg = Release|Any CPU
		{2439B11E-B649-4531-A3EF-ACA28544CB3E}.Release|ARM64.Build.0 = Release|Any CPU
		{2439B11E-B649-4531-A3EF-ACA28544CB3E}.Release|x64.ActiveCfg = Release|Any CPU
		{2439B11E-B649-4531-A3EF-ACA28544CB3E}.Release|x64.Build.0 = Release|Any CPU
		{2439B11E-B649-4531-A3EF-ACA28544CB3E}.Release|x86.ActiveCfg = Release|Any CPU
		{2439B11E-B649-4531-A3EF-ACA28544CB3E}.Release|x86.Build.0 = Release|Any CPU
	EndGlobalSection
	GlobalSection(SolutionProperties) = preSolution
		HideSolutionNode = FALSE
	EndGlobalSection
	GlobalSection(ExtensibilityGlobals) = postSolution
		SolutionGuid = {2B4FC0BB-A60B-4C9F-B408-B9A1FB902BBB}
	EndGlobalSection
EndGlobal
